
Microsoft Visual Studio Solution File, Format Version 12.00
# Visual Studio Version 16
VisualStudioVersion = 16.0.32901.82
MinimumVisualStudioVersion = 10.0.40219.1
Project("{9092AA53-FB77-4645-B42D-1CCCA6BD08BD}") = "NodejsConsoleApp1", "NodejsConsoleApp1\NodejsConsoleApp1.njsproj", "{3DFAD8D2-B866-4629-8080-8F1D2DA0A1B3}"
EndProject
Global
	GlobalSection(SolutionConfigurationPlatforms) = preSolution
		Debug|Any CPU = Debug|Any CPU
		Release|Any CPU = Release|Any CPU
	EndGlobalSection
	GlobalSection(ProjectConfigurationPlatforms) = postSolution
		{3DFAD8D2-B866-4629-8080-8F1D2DA0A1B3}.Debug|Any CPU.ActiveCfg = Debug|Any CPU
		{3DFAD8D2-B866-4629-8080-8F1D2DA0A1B3}.Debug|Any CPU.Build.0 = Debug|Any CPU
		{3DFAD8D2-B866-4629-8080-8F1D2DA0A1B3}.Release|Any CPU.ActiveCfg = Release|Any CPU
		{3DFAD8D2-B866-4629-8080-8F1D2DA0A1B3}.Release|Any CPU.Build.0 = Release|Any CPU
	EndGlobalSection
	GlobalSection(SolutionProperties) = preSolution
		HideSolutionNode = FALSE
	EndGlobalSection
	GlobalSection(ExtensibilityGlobals) = postSolution
		SolutionGuid = {7FE33BAE-36A7-489A-B290-28F2E93731A1}
	EndGlobalSection
EndGlobal
