
Microsoft Visual Studio Solution File, Format Version 12.00
# Visual Studio Version 16
VisualStudioVersion = 16.0.32901.82
MinimumVisualStudioVersion = 10.0.40219.1
Project("{9092AA53-FB77-4645-B42D-1CCCA6BD08BD}") = "ProjectFile", "ProjectFile\ProjectFile.njsproj", "{99EE48BB-712E-4D03-BA51-D4B1E63156A2}"
EndProject
Global
	GlobalSection(SolutionConfigurationPlatforms) = preSolution
		Debug|Any CPU = Debug|Any CPU
		Release|Any CPU = Release|Any CPU
	EndGlobalSection
	GlobalSection(ProjectConfigurationPlatforms) = postSolution
		{99EE48BB-712E-4D03-BA51-D4B1E63156A2}.Debug|Any CPU.ActiveCfg = Debug|Any CPU
		{99EE48BB-712E-4D03-BA51-D4B1E63156A2}.Debug|Any CPU.Build.0 = Debug|Any CPU
		{99EE48BB-712E-4D03-BA51-D4B1E63156A2}.Release|Any CPU.ActiveCfg = Release|Any CPU
		{99EE48BB-712E-4D03-BA51-D4B1E63156A2}.Release|Any CPU.Build.0 = Release|Any CPU
	EndGlobalSection
	GlobalSection(SolutionProperties) = preSolution
		HideSolutionNode = FALSE
	EndGlobalSection
	GlobalSection(ExtensibilityGlobals) = postSolution
		SolutionGuid = {9E03179C-50E7-40B7-A5B9-8A81121B69A9}
	EndGlobalSection
EndGlobal
